# This file is automatically @generated by Cargo.
# It is not intended for manual editing.
version = 4

[[package]]
name = "aho-corasick"
version = "1.1.4"
source = "registry+https://github.com/rust-lang/crates.io-index"
checksum = "ddd31a130427c27518df266943a5308ed92d4b226cc639f5a8f1002816174301"
dependencies = [
 "memchr",
]

[[package]]
name = "block-buffer"
version = "0.10.4"
source = "registry+https://github.com/rust-lang/crates.io-index"
checksum = "3078c7629b62d3f0439517fa394996acacc5cbc91c5a20d8c658e77abd503a71"
dependencies = [
 "generic-array",
]

[[package]]
name = "cfg-if"
version = "1.0.4"
source = "registry+https://github.com/rust-lang/crates.io-index"
checksum = "9330f8b2ff13f34540b44e946ef35111825727b38d33286ef986142615121801"

[[package]]
name = "cpufeatures"
version = "0.2.17"
source = "registry+https://github.com/rust-lang/crates.io-index"
checksum = "59ed5838eebb26a2bb2e58f6d5b5316989ae9d08bab10e0e6d103e656d1b0280"
dependencies = [
 "libc",
]

[[package]]
name = "crypto-common"
version = "0.1.7"
source = "registry+https://github.com/rust-lang/crates.io-index"
checksum = "78c8292055d1c1df0cce5d180393dc8cce0abec0a7102adb6c7b1eef6016d60a"
dependencies = [
 "generic-array",
 "typenum",
]

[[package]]
name = "digest"
version = "0.10.7"
source = "registry+https://github.com/rust-lang/crates.io-index"
checksum = "9ed9a281f7bc9b7576e61468ba615a66a5c8cfdff42420a70aa82701a3b1e292"
dependencies = [
 "block-buffer",
 "crypto-common",
]

[[package]]
name = "generic-array"
version = "0.14.7"
source = "registry+https://github.com/rust-lang/crates.io-index"
checksum = "85649ca51fd72272d7821adaf274ad91c288277713d9c18820d8499a7ff69e9a"
dependencies = [
 "typenum",
 "version_check",
]

[[package]]
name = "ggml-backend-dl-rust"
version = "0.1.0"

[[package]]
name = "ggml-cpu-arm-feats-rust"
version = "0.1.0"

[[package]]
name = "ggml-cpu-powerpc-feats-rust"
version = "0.1.0"

[[package]]
name = "ggml-cpu-riscv-feats-rust"
version = "0.1.0"

[[package]]
name = "ggml-cpu-s390-feats-rust"
version = "0.1.0"

[[package]]
name = "ggml-cpu-x86-feats-rust"
version = "0.1.0"

[[package]]
name = "ggml-threading-rust"
version = "0.1.0"

[[package]]
name = "ggml-virtgpu-backend-dispatched-rust"
version = "0.1.0"

[[package]]
name = "libc"
version = "0.2.186"
source = "registry+https://github.com/rust-lang/crates.io-index"
checksum = "68ab91017fe16c622486840e4c83c9a37afeff978bd239b5293d61ece587de66"

[[package]]
name = "llama-api-rust"
version = "0.1.0"

[[package]]
name = "llama-batched-bench-rust"
version = "0.1.0"
dependencies = [
 "llama-simple-rust",
]

[[package]]
name = "llama-batched-rust"
version = "0.1.0"
dependencies = [
 "llama-simple-rust",
]

[[package]]
name = "llama-bench-rust"
version = "0.1.0"

[[package]]
name = "llama-cli-rust"
version = "0.1.0"

[[package]]
name = "llama-common-build-info-rust"
version = "0.1.0"

[[package]]
name = "llama-common-jinja-string-rust"
version = "0.1.0"

[[package]]
name = "llama-common-ngram-cache-rust"
version = "0.1.0"

[[package]]
name = "llama-common-ngram-map-rust"
version = "0.1.0"

[[package]]
name = "llama-common-ngram-mod-rust"
version = "0.1.0"

[[package]]
name = "llama-common-reasoning-budget-rust"
version = "0.1.0"

[[package]]
name = "llama-common-regex-partial-rust"
version = "0.1.0"

[[package]]
name = "llama-common-unicode-rust"
version = "0.1.0"

[[package]]
name = "llama-completion-rust"
version = "0.1.0"

[[package]]
name = "llama-convert-llama2c-to-ggml-rust"
version = "0.1.0"

[[package]]
name = "llama-cparams-rust"
version = "0.1.0"

[[package]]
name = "llama-cvector-generator-rust"
version = "0.1.0"

[[package]]
name = "llama-cvector-mean-rust"
version = "0.1.0"

[[package]]
name = "llama-debug-rust"
version = "0.1.0"
dependencies = [
 "llama-simple-rust",
]

[[package]]
name = "llama-deprecation-warning"
version = "0.1.0"

[[package]]
name = "llama-diffusion-rust"
version = "0.1.0"
dependencies = [
 "llama-simple-rust",
]

[[package]]
name = "llama-embedding-rust"
version = "0.1.0"
dependencies = [
 "llama-simple-rust",
]

[[package]]
name = "llama-eval-callback-rust"
version = "0.1.0"
dependencies = [
 "llama-simple-rust",
]

[[package]]
name = "llama-export-graph-ops-rust"
version = "0.1.0"

[[package]]
name = "llama-export-lora-rust"
version = "0.1.0"

[[package]]
name = "llama-finetune-rust"
version = "0.1.0"
dependencies = [
 "llama-simple-rust",
]

[[package]]
name = "llama-fit-params-rust"
version = "0.1.0"

[[package]]
name = "llama-gen-docs-rust"
version = "0.1.0"

[[package]]
name = "llama-gguf-hash-rust"
version = "0.1.0"
dependencies = [
 "sha1",
 "sha2",
 "xxhash-rust",
]

[[package]]
name = "llama-gguf-rust"
version = "0.1.0"

[[package]]
name = "llama-gguf-split-rust"
version = "0.1.0"
dependencies = [
 "llama-simple-rust",
]

[[package]]
name = "llama-idle-rust"
version = "0.1.0"
dependencies = [
 "llama-simple-rust",
]

[[package]]
name = "llama-imatrix-rust"
version = "0.1.0"

[[package]]
name = "llama-io-rust"
version = "0.1.0"

[[package]]
name = "llama-lookahead-rust"
version = "0.1.0"
dependencies = [
 "llama-simple-rust",
]

[[package]]
name = "llama-lookup-create-rust"
version = "0.1.0"
dependencies = [
 "llama-lookup-merge",
 "llama-simple-rust",
]

[[package]]
name = "llama-lookup-merge"
version = "0.1.0"

[[package]]
name = "llama-lookup-rust"
version = "0.1.0"
dependencies = [
 "llama-lookup-merge",
 "llama-simple-rust",
]

[[package]]
name = "llama-lookup-stats-rust"
version = "0.1.0"
dependencies = [
 "llama-lookup-merge",
 "llama-simple-rust",
]

[[package]]
name = "llama-ls-sycl-device-rust"
version = "0.1.0"

[[package]]
name = "llama-memory-rust"
version = "0.1.0"

[[package]]
name = "llama-mtmd-cli-rust"
version = "0.1.0"

[[package]]
name = "llama-mtmd-debug-rust"
version = "0.1.0"

[[package]]
name = "llama-parallel-rust"
version = "0.1.0"
dependencies = [
 "llama-simple-rust",
]

[[package]]
name = "llama-parser-tools-rust"
version = "0.1.0"
dependencies = [
 "llama-simple-rust",
]

[[package]]
name = "llama-passkey-rust"
version = "0.1.0"
dependencies = [
 "llama-simple-rust",
]

[[package]]
name = "llama-perplexity-rust"
version = "0.1.0"

[[package]]
name = "llama-q8dot-rust"
version = "0.1.0"

[[package]]
name = "llama-quantize-rust"
version = "0.1.0"

[[package]]
name = "llama-results-rust"
version = "0.1.0"
dependencies = [
 "llama-simple-rust",
]

[[package]]
name = "llama-retrieval-rust"
version = "0.1.0"
dependencies = [
 "llama-simple-rust",
]

[[package]]
name = "llama-rpc-server-rust"
version = "0.1.0"

[[package]]
name = "llama-save-load-state-rust"
version = "0.1.0"
dependencies = [
 "llama-simple-rust",
]

[[package]]
name = "llama-server-base64-rust"
version = "0.1.0"

[[package]]
name = "llama-simple-chat-rust"
version = "0.1.0"
dependencies = [
 "llama-simple-rust",
]

[[package]]
name = "llama-simple-rust"
version = "0.1.0"

[[package]]
name = "llama-simple-tokenize-rust"
version = "0.1.0"

[[package]]
name = "llama-speculative-rust"
version = "0.1.0"
dependencies = [
 "llama-simple-rust",
]

[[package]]
name = "llama-speculative-simple-rust"
version = "0.1.0"
dependencies = [
 "llama-simple-rust",
]

[[package]]
name = "llama-test-alloc"
version = "0.1.0"

[[package]]
name = "llama-test-arg-parser-rust"
version = "0.1.0"

[[package]]
name = "llama-test-autorelease"
version = "0.1.0"
dependencies = [
 "llama-simple-rust",
]

[[package]]
name = "llama-test-backend-ops-rust"
version = "0.1.0"

[[package]]
name = "llama-test-backend-sampler-rust"
version = "0.1.0"

[[package]]
name = "llama-test-barrier"
version = "0.1.0"

[[package]]
name = "llama-test-chat-auto-parser-rust"
version = "0.1.0"

[[package]]
name = "llama-test-chat-peg-parser-rust"
version = "0.1.0"

[[package]]
name = "llama-test-chat-rust"
version = "0.1.0"

[[package]]
name = "llama-test-chat-template-rust"
version = "0.1.0"

[[package]]
name = "llama-test-double-float"
version = "0.1.0"

[[package]]
name = "llama-test-gbnf-validator"
version = "0.1.0"

[[package]]
name = "llama-test-get-model-rust"
version = "0.1.0"

[[package]]
name = "llama-test-gguf-model-data"
version = "0.1.0"

[[package]]
name = "llama-test-gguf-rust"
version = "0.1.0"

[[package]]
name = "llama-test-grammar-integration-rust"
version = "0.1.0"

[[package]]
name = "llama-test-grammar-llguidance-rust"
version = "0.1.0"

[[package]]
name = "llama-test-grammar-parser-rust"
version = "0.1.0"

[[package]]
name = "llama-test-jinja-rust"
version = "0.1.0"

[[package]]
name = "llama-test-json-partial-rust"
version = "0.1.0"

[[package]]
name = "llama-test-json-schema-to-grammar-rust"
version = "0.1.0"

[[package]]
name = "llama-test-llama-archs-rust"
version = "0.1.0"

[[package]]
name = "llama-test-llama-grammar-rust"
version = "0.1.0"

[[package]]
name = "llama-test-log"
version = "0.1.0"

[[package]]
name = "llama-test-model-load-cancel"
version = "0.1.0"
dependencies = [
 "llama-simple-rust",
]

[[package]]
name = "llama-test-mtmd-c-api"
version = "0.1.0"

[[package]]
name = "llama-test-opt-rust"
version = "0.1.0"

[[package]]
name = "llama-test-peg-parser-rust"
version = "0.1.0"

[[package]]
name = "llama-test-quant-type-selection-rust"
version = "0.1.0"

[[package]]
name = "llama-test-quantize-fns"
version = "0.1.0"

[[package]]
name = "llama-test-quantize-perf"
version = "0.1.0"
dependencies = [
 "llama-test-quantize-fns",
]

[[package]]
name = "llama-test-quantize-stats-rust"
version = "0.1.0"
dependencies = [
 "regex",
]

[[package]]
name = "llama-test-reasoning-budget"
version = "0.1.0"

[[package]]
name = "llama-test-regex-partial"
version = "0.1.0"
dependencies = [
 "llama-common-regex-partial-rust",
 "regex",
]

[[package]]
name = "llama-test-rope"
version = "0.1.0"

[[package]]
name = "llama-test-sampling"
version = "0.1.0"

[[package]]
name = "llama-test-state-restore-fragmented"
version = "0.1.0"
dependencies = [
 "llama-simple-rust",
]

[[package]]
name = "llama-test-thread-safety"
version = "0.1.0"
dependencies = [
 "llama-simple-rust",
]

[[package]]
name = "llama-test-tokenizer-0"
version = "0.1.0"
dependencies = [
 "llama-simple-rust",
]

[[package]]
name = "llama-test-tokenizer-1-bpe"
version = "0.1.0"
dependencies = [
 "llama-simple-rust",
]

[[package]]
name = "llama-test-tokenizer-1-spm"
version = "0.1.0"
dependencies = [
 "llama-simple-rust",
]

[[package]]
name = "llama-tokenize-rust"
version = "0.1.0"

[[package]]
name = "llama-tts-rust"
version = "0.1.0"

[[package]]
name = "llama-vdot-rust"
version = "0.1.0"

[[package]]
name = "memchr"
version = "2.8.0"
source = "registry+https://github.com/rust-lang/crates.io-index"
checksum = "f8ca58f447f06ed17d5fc4043ce1b10dd205e060fb3ce5b979b8ed8e59ff3f79"

[[package]]
name = "mtmd-deprecation-warning"
version = "0.1.0"

[[package]]
name = "regex"
version = "1.12.3"
source = "registry+https://github.com/rust-lang/crates.io-index"
checksum = "e10754a14b9137dd7b1e3e5b0493cc9171fdd105e0ab477f51b72e7f3ac0e276"
dependencies = [
 "aho-corasick",
 "memchr",
 "regex-automata",
 "regex-syntax",
]

[[package]]
name = "regex-automata"
version = "0.4.14"
source = "registry+https://github.com/rust-lang/crates.io-index"
checksum = "6e1dd4122fc1595e8162618945476892eefca7b88c52820e74af6262213cae8f"
dependencies = [
 "aho-corasick",
 "memchr",
 "regex-syntax",
]

[[package]]
name = "regex-syntax"
version = "0.8.10"
source = "registry+https://github.com/rust-lang/crates.io-index"
checksum = "dc897dd8d9e8bd1ed8cdad82b5966c3e0ecae09fb1907d58efaa013543185d0a"

[[package]]
name = "sha1"
version = "0.10.6"
source = "registry+https://github.com/rust-lang/crates.io-index"
checksum = "e3bf829a2d51ab4a5ddf1352d8470c140cadc8301b2ae1789db023f01cedd6ba"
dependencies = [
 "cfg-if",
 "cpufeatures",
 "digest",
]

[[package]]
name = "sha2"
version = "0.10.9"
source = "registry+https://github.com/rust-lang/crates.io-index"
checksum = "a7507d819769d01a365ab707794a4084392c824f54a7a6a7862f8c3d0892b283"
dependencies = [
 "cfg-if",
 "cpufeatures",
 "digest",
]

[[package]]
name = "typenum"
version = "1.20.0"
source = "registry+https://github.com/rust-lang/crates.io-index"
checksum = "40ce102ab67701b8526c123c1bab5cbe42d7040ccfd0f64af1a385808d2f43de"

[[package]]
name = "version_check"
version = "0.9.5"
source = "registry+https://github.com/rust-lang/crates.io-index"
checksum = "0b928f33d975fc6ad9f86c8f283853ad26bdd5b10b7f1542aa2fa15e2289105a"

[[package]]
name = "xxhash-rust"
version = "0.8.15"
source = "registry+https://github.com/rust-lang/crates.io-index"
checksum = "fdd20c5420375476fbd4394763288da7eb0cc0b8c11deed431a91562af7335d3"
